
Microsoft Visual Studio Solution File, Format Version 12.00
# Visual Studio Version 17
VisualStudioVersion = 17.5.002.0
MinimumVisualStudioVersion = 10.0.40219.1
Project("{9A19103F-16F7-4668-BE54-9A1E7A4F7556}") = "quickstart", "quickstart\quickstart.csproj", "{9E29F795-882D-4334-8A83-13CE96B94C18}"
EndProject
Project("{2150E333-8FDC-42A3-9474-1A3956D46DE8}") = "how-to", "how-to", "{1C4D01A5-48C5-4802-9242-5A846C868326}"
EndProject
Project("{9A19103F-16F7-4668-BE54-9A1E7A4F7556}") = "add-table", "how-to\add-table\add-table.csproj", "{ACEE93C2-5D4A-48D3-8682-C859AAA6EE7A}"
EndProject
Project("{9A19103F-16F7-4668-BE54-9A1E7A4F7556}") = "license-keys", "how-to\license-keys\license-keys.csproj", "{2A640F2D-8504-41E1-80E4-8F50D780B83F}"
EndProject
Project("{9A19103F-16F7-4668-BE54-9A1E7A4F7556}") = "text-effect-glow-effect", "how-to\text-effect-glow-effect\text-effect-glow-effect.csproj", "{13E5CFA0-8003-47F0-84FE-3D2830066B47}"
EndProject
Project("{9A19103F-16F7-4668-BE54-9A1E7A4F7556}") = "text-effect-gradient-effect", "how-to\text-effect-gradient-effect\text-effect-gradient-effect.csproj", "{7A23B909-1BF1-410E-9B40-D413498D0684}"
EndProject
Project("{9A19103F-16F7-4668-BE54-9A1E7A4F7556}") = "text-effect-reflection-effect", "how-to\text-effect-reflection-effect\text-effect-reflection-effect.csproj", "{FBAD4B7D-57A9-428B-A515-315846DDEE39}"
EndProject
Project("{9A19103F-16F7-4668-BE54-9A1E7A4F7556}") = "text-effect-shadow-effect", "how-to\text-effect-shadow-effect\text-effect-shadow-effect.csproj", "{FBE309CE-861B-4EAE-9F25-345D550FA50B}"
EndProject
Project("{9A19103F-16F7-4668-BE54-9A1E7A4F7556}") = "text-effect-text-outline-effect", "how-to\text-effect-text-outline-effect\text-effect-text-outline-effect.csproj", "{3969E940-BD25-4E99-AA41-B2D011A9C6AE}"
EndProject
Project("{2150E333-8FDC-42A3-9474-1A3956D46DE8}") = "tutorials", "tutorials", "{4A8FECBC-268B-4AE1-9191-A1B60517EB6D}"
EndProject
Project("{9A19103F-16F7-4668-BE54-9A1E7A4F7556}") = "document-element", "tutorials\document-element\document-element.csproj", "{58F7E90F-96EA-4377-808B-CC436C8B5C16}"
EndProject
Global
	GlobalSection(SolutionConfigurationPlatforms) = preSolution
		Debug|Any CPU = Debug|Any CPU
		Release|Any CPU = Release|Any CPU
	EndGlobalSection
	GlobalSection(ProjectConfigurationPlatforms) = postSolution
		{9E29F795-882D-4334-8A83-13CE96B94C18}.Debug|Any CPU.ActiveCfg = Debug|Any CPU
		{9E29F795-882D-4334-8A83-13CE96B94C18}.Debug|Any CPU.Build.0 = Debug|Any CPU
		{9E29F795-882D-4334-8A83-13CE96B94C18}.Release|Any CPU.ActiveCfg = Release|Any CPU
		{9E29F795-882D-4334-8A83-13CE96B94C18}.Release|Any CPU.Build.0 = Release|Any CPU
		{ACEE93C2-5D4A-48D3-8682-C859AAA6EE7A}.Debug|Any CPU.ActiveCfg = Debug|Any CPU
		{ACEE93C2-5D4A-48D3-8682-C859AAA6EE7A}.Debug|Any CPU.Build.0 = Debug|Any CPU
		{ACEE93C2-5D4A-48D3-8682-C859AAA6EE7A}.Release|Any CPU.ActiveCfg = Release|Any CPU
		{ACEE93C2-5D4A-48D3-8682-C859AAA6EE7A}.Release|Any CPU.Build.0 = Release|Any CPU
		{2A640F2D-8504-41E1-80E4-8F50D780B83F}.Debug|Any CPU.ActiveCfg = Debug|Any CPU
		{2A640F2D-8504-41E1-80E4-8F50D780B83F}.Debug|Any CPU.Build.0 = Debug|Any CPU
		{2A640F2D-8504-41E1-80E4-8F50D780B83F}.Release|Any CPU.ActiveCfg = Release|Any CPU
		{2A640F2D-8504-41E1-80E4-8F50D780B83F}.Release|Any CPU.Build.0 = Release|Any CPU
		{13E5CFA0-8003-47F0-84FE-3D2830066B47}.Debug|Any CPU.ActiveCfg = Debug|Any CPU
		{13E5CFA0-8003-47F0-84FE-3D2830066B47}.Debug|Any CPU.Build.0 = Debug|Any CPU
		{13E5CFA0-8003-47F0-84FE-3D2830066B47}.Release|Any CPU.ActiveCfg = Release|Any CPU
		{13E5CFA0-8003-47F0-84FE-3D2830066B47}.Release|Any CPU.Build.0 = Release|Any CPU
		{7A23B909-1BF1-410E-9B40-D413498D0684}.Debug|Any CPU.ActiveCfg = Debug|Any CPU
		{7A23B909-1BF1-410E-9B40-D413498D0684}.Debug|Any CPU.Build.0 = Debug|Any CPU
		{7A23B909-1BF1-410E-9B40-D413498D0684}.Release|Any CPU.ActiveCfg = Release|Any CPU
		{7A23B909-1BF1-410E-9B40-D413498D0684}.Release|Any CPU.Build.0 = Release|Any CPU
		{FBAD4B7D-57A9-428B-A515-315846DDEE39}.Debug|Any CPU.ActiveCfg = Debug|Any CPU
		{FBAD4B7D-57A9-428B-A515-315846DDEE39}.Debug|Any CPU.Build.0 = Debug|Any CPU
		{FBAD4B7D-57A9-428B-A515-315846DDEE39}.Release|Any CPU.ActiveCfg = Release|Any CPU
		{FBAD4B7D-57A9-428B-A515-315846DDEE39}.Release|Any CPU.Build.0 = Release|Any CPU
		{FBE309CE-861B-4EAE-9F25-345D550FA50B}.Debug|Any CPU.ActiveCfg = Debug|Any CPU
		{FBE309CE-861B-4EAE-9F25-345D550FA50B}.Debug|Any CPU.Build.0 = Debug|Any CPU
		{FBE309CE-861B-4EAE-9F25-345D550FA50B}.Release|Any CPU.ActiveCfg = Release|Any CPU
		{FBE309CE-861B-4EAE-9F25-345D550FA50B}.Release|Any CPU.Build.0 = Release|Any CPU
		{3969E940-BD25-4E99-AA41-B2D011A9C6AE}.Debug|Any CPU.ActiveCfg = Debug|Any CPU
		{3969E940-BD25-4E99-AA41-B2D011A9C6AE}.Debug|Any CPU.Build.0 = Debug|Any CPU
		{3969E940-BD25-4E99-AA41-B2D011A9C6AE}.Release|Any CPU.ActiveCfg = Release|Any CPU
		{3969E940-BD25-4E99-AA41-B2D011A9C6AE}.Release|Any CPU.Build.0 = Release|Any CPU
		{58F7E90F-96EA-4377-808B-CC436C8B5C16}.Debug|Any CPU.ActiveCfg = Debug|Any CPU
		{58F7E90F-96EA-4377-808B-CC436C8B5C16}.Debug|Any CPU.Build.0 = Debug|Any CPU
		{58F7E90F-96EA-4377-808B-CC436C8B5C16}.Release|Any CPU.ActiveCfg = Release|Any CPU
		{58F7E90F-96EA-4377-808B-CC436C8B5C16}.Release|Any CPU.Build.0 = Release|Any CPU
	EndGlobalSection
	GlobalSection(SolutionProperties) = preSolution
		HideSolutionNode = FALSE
	EndGlobalSection
	GlobalSection(NestedProjects) = preSolution
		{ACEE93C2-5D4A-48D3-8682-C859AAA6EE7A} = {1C4D01A5-48C5-4802-9242-5A846C868326}
		{2A640F2D-8504-41E1-80E4-8F50D780B83F} = {1C4D01A5-48C5-4802-9242-5A846C868326}
		{13E5CFA0-8003-47F0-84FE-3D2830066B47} = {1C4D01A5-48C5-4802-9242-5A846C868326}
		{7A23B909-1BF1-410E-9B40-D413498D0684} = {1C4D01A5-48C5-4802-9242-5A846C868326}
		{FBAD4B7D-57A9-428B-A515-315846DDEE39} = {1C4D01A5-48C5-4802-9242-5A846C868326}
		{FBE309CE-861B-4EAE-9F25-345D550FA50B} = {1C4D01A5-48C5-4802-9242-5A846C868326}
		{3969E940-BD25-4E99-AA41-B2D011A9C6AE} = {1C4D01A5-48C5-4802-9242-5A846C868326}
		{58F7E90F-96EA-4377-808B-CC436C8B5C16} = {4A8FECBC-268B-4AE1-9191-A1B60517EB6D}
	EndGlobalSection
	GlobalSection(ExtensibilityGlobals) = postSolution
		SolutionGuid = {7113C1B8-52BA-404A-B047-A5E36AF7E2C4}
	EndGlobalSection
EndGlobal
